
Microsoft Visual Studio Solution File, Format Version 12.00
# Visual Studio Version 17
VisualStudioVersion = 17.8.34511.84
MinimumVisualStudioVersion = 10.0.40219.1
Project("{FAE04EC0-301F-11D3-BF4B-00C04F79EFBC}") = "Loan Management System", "Loan Management System\Loan Management System.csproj", "{EA7ED9A3-F46E-4163-9B0E-E4B3E4AF1817}"
EndProject
Global
	GlobalSection(SolutionConfigurationPlatforms) = preSolution
		Debug|Any CPU = Debug|Any CPU
		Release|Any CPU = Release|Any CPU
	EndGlobalSection
	GlobalSection(ProjectConfigurationPlatforms) = postSolution
		{EA7ED9A3-F46E-4163-9B0E-E4B3E4AF1817}.Debug|Any CPU.ActiveCfg = Debug|Any CPU
		{EA7ED9A3-F46E-4163-9B0E-E4B3E4AF1817}.Debug|Any CPU.Build.0 = Debug|Any CPU
		{EA7ED9A3-F46E-4163-9B0E-E4B3E4AF1817}.Release|Any CPU.ActiveCfg = Release|Any CPU
		{EA7ED9A3-F46E-4163-9B0E-E4B3E4AF1817}.Release|Any CPU.Build.0 = Release|Any CPU
	EndGlobalSection
	GlobalSection(SolutionProperties) = preSolution
		HideSolutionNode = FALSE
	EndGlobalSection
	GlobalSection(ExtensibilityGlobals) = postSolution
		SolutionGuid = {AA4ADD51-0E99-49B6-B087-526EEF030AC8}
	EndGlobalSection
EndGlobal
